
Microsoft Visual Studio Solution File, Format Version 12.00
# Visual Studio Version 17
VisualStudioVersion = 17.7.34031.279
MinimumVisualStudioVersion = 10.0.40219.1
Project("{9A19103F-16F7-4668-BE54-9A1E7A4F7556}") = "30_day_c#_chalenge", "30_day_c#_chalenge.csproj", "{32053A72-C95C-42BE-BB49-235A3941345C}"
EndProject
Project("{9A19103F-16F7-4668-BE54-9A1E7A4F7556}") = "WpfAppDay2", "..\WpfAppDay2\WpfAppDay2.csproj", "{DC605B54-1562-4E50-AA2F-CE379FD611EA}"
EndProject
Project("{9A19103F-16F7-4668-BE54-9A1E7A4F7556}") = "WpfAppDay4", "..\WpfAppDay4\WpfAppDay4.csproj", "{F6B0B08D-8E7E-433C-AFC7-1F39882F612E}"
EndProject
Project("{2150E333-8FDC-42A3-9474-1A3956D46DE8}") = "Day8", "Day8", "{916B434F-DBE6-4C25-9826-BE21742B0966}"
EndProject
Global
	GlobalSection(SolutionConfigurationPlatforms) = preSolution
		Debug|Any CPU = Debug|Any CPU
		Release|Any CPU = Release|Any CPU
	EndGlobalSection
	GlobalSection(ProjectConfigurationPlatforms) = postSolution
		{32053A72-C95C-42BE-BB49-235A3941345C}.Debug|Any CPU.ActiveCfg = Debug|Any CPU
		{32053A72-C95C-42BE-BB49-235A3941345C}.Debug|Any CPU.Build.0 = Debug|Any CPU
		{32053A72-C95C-42BE-BB49-235A3941345C}.Release|Any CPU.ActiveCfg = Release|Any CPU
		{32053A72-C95C-42BE-BB49-235A3941345C}.Release|Any CPU.Build.0 = Release|Any CPU
		{DC605B54-1562-4E50-AA2F-CE379FD611EA}.Debug|Any CPU.ActiveCfg = Debug|Any CPU
		{DC605B54-1562-4E50-AA2F-CE379FD611EA}.Debug|Any CPU.Build.0 = Debug|Any CPU
		{DC605B54-1562-4E50-AA2F-CE379FD611EA}.Release|Any CPU.ActiveCfg = Release|Any CPU
		{DC605B54-1562-4E50-AA2F-CE379FD611EA}.Release|Any CPU.Build.0 = Release|Any CPU
		{F6B0B08D-8E7E-433C-AFC7-1F39882F612E}.Debug|Any CPU.ActiveCfg = Debug|Any CPU
		{F6B0B08D-8E7E-433C-AFC7-1F39882F612E}.Debug|Any CPU.Build.0 = Debug|Any CPU
		{F6B0B08D-8E7E-433C-AFC7-1F39882F612E}.Release|Any CPU.ActiveCfg = Release|Any CPU
		{F6B0B08D-8E7E-433C-AFC7-1F39882F612E}.Release|Any CPU.Build.0 = Release|Any CPU
	EndGlobalSection
	GlobalSection(SolutionProperties) = preSolution
		HideSolutionNode = FALSE
	EndGlobalSection
	GlobalSection(ExtensibilityGlobals) = postSolution
		SolutionGuid = {17845E23-C65E-4C20-AA9E-9937EB4D4441}
	EndGlobalSection
EndGlobal
